
Microsoft Visual Studio Solution File, Format Version 12.00
# Visual Studio Version 16
VisualStudioVersion = 16.0.30406.217
MinimumVisualStudioVersion = 10.0.40219.1
Project("{F184B08F-C81C-45F6-A57F-5ABD9991F28F}") = "LoadPartsFromTC", "LoadPartsFromTC\LoadPartsFromTC.vbproj", "{CC3C7A2B-A742-4EC6-A631-808E54B23AA2}"
EndProject
Project("{FAE04EC0-301F-11D3-BF4B-00C04F79EFBC}") = "Convertor", "..\Convertor\Convertor.csproj", "{B207E718-4D12-4305-840F-8B18F45D082E}"
EndProject
Global
	GlobalSection(SolutionConfigurationPlatforms) = preSolution
		Debug|Any CPU = Debug|Any CPU
		Release|Any CPU = Release|Any CPU
	EndGlobalSection
	GlobalSection(ProjectConfigurationPlatforms) = postSolution
		{CC3C7A2B-A742-4EC6-A631-808E54B23AA2}.Debug|Any CPU.ActiveCfg = Debug|Any CPU
		{CC3C7A2B-A742-4EC6-A631-808E54B23AA2}.Debug|Any CPU.Build.0 = Debug|Any CPU
		{CC3C7A2B-A742-4EC6-A631-808E54B23AA2}.Release|Any CPU.ActiveCfg = Release|Any CPU
		{CC3C7A2B-A742-4EC6-A631-808E54B23AA2}.Release|Any CPU.Build.0 = Release|Any CPU
		{B207E718-4D12-4305-840F-8B18F45D082E}.Debug|Any CPU.ActiveCfg = Debug|Any CPU
		{B207E718-4D12-4305-840F-8B18F45D082E}.Debug|Any CPU.Build.0 = Debug|Any CPU
		{B207E718-4D12-4305-840F-8B18F45D082E}.Release|Any CPU.ActiveCfg = Release|Any CPU
		{B207E718-4D12-4305-840F-8B18F45D082E}.Release|Any CPU.Build.0 = Release|Any CPU
	EndGlobalSection
	GlobalSection(SolutionProperties) = preSolution
		HideSolutionNode = FALSE
	EndGlobalSection
	GlobalSection(ExtensibilityGlobals) = postSolution
		SolutionGuid = {89CBE38E-7A02-4841-AC71-0D0DA4E00A1E}
	EndGlobalSection
EndGlobal
